
Microsoft Visual Studio Solution File, Format Version 12.00
# Visual Studio Version 16
VisualStudioVersion = 16.0.28917.181
MinimumVisualStudioVersion = 10.0.40219.1
Project("{6EC3EE1D-3C4E-46DD-8F32-0CC8E7565705}") = "GraphFS", "src\GraphFS\GraphFS.fsproj", "{CFA22ADC-E901-4B96-AD25-399F4EFF7F6B}"
EndProject
Project("{6EC3EE1D-3C4E-46DD-8F32-0CC8E7565705}") = "GraphFS.Sample", "src\GraphFS.Sample\GraphFS.Sample.fsproj", "{20F9F7AD-9C7B-4DD7-A38B-1FF70D45FC55}"
EndProject
Global
	GlobalSection(SolutionConfigurationPlatforms) = preSolution
		Debug|Any CPU = Debug|Any CPU
		Release|Any CPU = Release|Any CPU
	EndGlobalSection
	GlobalSection(ProjectConfigurationPlatforms) = postSolution
		{CFA22ADC-E901-4B96-AD25-399F4EFF7F6B}.Debug|Any CPU.ActiveCfg = Debug|Any CPU
		{CFA22ADC-E901-4B96-AD25-399F4EFF7F6B}.Debug|Any CPU.Build.0 = Debug|Any CPU
		{CFA22ADC-E901-4B96-AD25-399F4EFF7F6B}.Release|Any CPU.ActiveCfg = Release|Any CPU
		{CFA22ADC-E901-4B96-AD25-399F4EFF7F6B}.Release|Any CPU.Build.0 = Release|Any CPU
		{20F9F7AD-9C7B-4DD7-A38B-1FF70D45FC55}.Debug|Any CPU.ActiveCfg = Debug|Any CPU
		{20F9F7AD-9C7B-4DD7-A38B-1FF70D45FC55}.Debug|Any CPU.Build.0 = Debug|Any CPU
		{20F9F7AD-9C7B-4DD7-A38B-1FF70D45FC55}.Release|Any CPU.ActiveCfg = Release|Any CPU
		{20F9F7AD-9C7B-4DD7-A38B-1FF70D45FC55}.Release|Any CPU.Build.0 = Release|Any CPU
	EndGlobalSection
	GlobalSection(SolutionProperties) = preSolution
		HideSolutionNode = FALSE
	EndGlobalSection
	GlobalSection(ExtensibilityGlobals) = postSolution
		SolutionGuid = {A2F22286-1508-4D8D-9DDE-4A0CA7E1448B}
	EndGlobalSection
EndGlobal
